
Microsoft Visual Studio Solution File, Format Version 12.00
# Visual Studio Version 16
VisualStudioVersion = 16.0.29911.84
MinimumVisualStudioVersion = 10.0.40219.1
Project("{FAE04EC0-301F-11D3-BF4B-00C04F79EFBC}") = "MVC5", "MVC5\MVC5.csproj", "{D239676B-46CD-49D9-BE13-1793C93DEBE7}"
EndProject
Global
	GlobalSection(SolutionConfigurationPlatforms) = preSolution
		Debug|Any CPU = Debug|Any CPU
		Release|Any CPU = Release|Any CPU
	EndGlobalSection
	GlobalSection(ProjectConfigurationPlatforms) = postSolution
		{D239676B-46CD-49D9-BE13-1793C93DEBE7}.Debug|Any CPU.ActiveCfg = Debug|Any CPU
		{D239676B-46CD-49D9-BE13-1793C93DEBE7}.Debug|Any CPU.Build.0 = Debug|Any CPU
		{D239676B-46CD-49D9-BE13-1793C93DEBE7}.Release|Any CPU.ActiveCfg = Release|Any CPU
		{D239676B-46CD-49D9-BE13-1793C93DEBE7}.Release|Any CPU.Build.0 = Release|Any CPU
	EndGlobalSection
	GlobalSection(SolutionProperties) = preSolution
		HideSolutionNode = FALSE
	EndGlobalSection
	GlobalSection(ExtensibilityGlobals) = postSolution
		SolutionGuid = {FD305FFC-BFFC-47A7-B213-15A4BEB8589C}
	EndGlobalSection
EndGlobal
